
Microsoft Visual Studio Solution File, Format Version 11.00
# Visual Studio 2010
Project("{FAE04EC0-301F-11D3-BF4B-00C04F79EFBC}") = "UnityEngine.TestRunner", "UnityEngine.TestRunner.csproj", "{e37cdc30-dbab-8f95-ffda-15e8b3d154c9}"
EndProject
Project("{FAE04EC0-301F-11D3-BF4B-00C04F79EFBC}") = "UnityEngine.UI", "UnityEngine.UI.csproj", "{09898489-9fc0-4f02-4c9c-f35796ac0490}"
EndProject
Project("{FAE04EC0-301F-11D3-BF4B-00C04F79EFBC}") = "Unity.VisualScripting.Flow", "Unity.VisualScripting.Flow.csproj", "{363dae75-3fb9-8feb-179d-bbaf4e4a4fe4}"
EndProject
Project("{FAE04EC0-301F-11D3-BF4B-00C04F79EFBC}") = "Unity.Services.Core.Telemetry", "Unity.Services.Core.Telemetry.csproj", "{2d593351-3007-80de-b353-453e62977cfd}"
EndProject
Project("{FAE04EC0-301F-11D3-BF4B-00C04F79EFBC}") = "Unity.VisualScripting.State", "Unity.VisualScripting.State.csproj", "{1c076c0b-e321-8220-56ff-8a5eb145e2cb}"
EndProject
Project("{FAE04EC0-301F-11D3-BF4B-00C04F79EFBC}") = "Unity.VisualScripting.Core", "Unity.VisualScripting.Core.csproj", "{1e0f4e84-056c-94a1-93de-4ba7927aafeb}"
EndProject
Project("{FAE04EC0-301F-11D3-BF4B-00C04F79EFBC}") = "Unity.Services.Core.Environments.Internal", "Unity.Services.Core.Environments.Internal.csproj", "{94b02fad-2f99-3de4-1fa8-5f70683594f0}"
EndProject
Project("{FAE04EC0-301F-11D3-BF4B-00C04F79EFBC}") = "Unity.TextMeshPro", "Unity.TextMeshPro.csproj", "{4206be10-a7a2-b2ef-8f06-c6b1492630c1}"
EndProject
Project("{FAE04EC0-301F-11D3-BF4B-00C04F79EFBC}") = "Unity.Timeline", "Unity.Timeline.csproj", "{f92c4403-871f-02d7-4578-635a3dd28ff8}"
EndProject
Project("{FAE04EC0-301F-11D3-BF4B-00C04F79EFBC}") = "Unity.Services.Core", "Unity.Services.Core.csproj", "{b348a1c4-06c2-ef17-e472-36fe7dc27f29}"
EndProject
Project("{FAE04EC0-301F-11D3-BF4B-00C04F79EFBC}") = "Unity.Services.Core.Environments", "Unity.Services.Core.Environments.csproj", "{7a170ac1-3ed1-4fbe-0e6f-1d55f033411c}"
EndProject
Project("{FAE04EC0-301F-11D3-BF4B-00C04F79EFBC}") = "Unity.Services.Core.Internal", "Unity.Services.Core.Internal.csproj", "{36d73e77-c989-ade5-65b8-f0b98cbfa703}"
EndProject
Project("{FAE04EC0-301F-11D3-BF4B-00C04F79EFBC}") = "Unity.Services.Core.Analytics", "Unity.Services.Core.Analytics.csproj", "{537c7670-845f-099f-483e-85f2786eee41}"
EndProject
Project("{FAE04EC0-301F-11D3-BF4B-00C04F79EFBC}") = "Unity.Services.Core.Scheduler", "Unity.Services.Core.Scheduler.csproj", "{71cbb9d4-d690-6f19-88c2-4e78066fe5b9}"
EndProject
Project("{FAE04EC0-301F-11D3-BF4B-00C04F79EFBC}") = "Unity.Services.Core.Registration", "Unity.Services.Core.Registration.csproj", "{9d9853de-957b-9247-1959-f0735d121dbf}"
EndProject
Project("{FAE04EC0-301F-11D3-BF4B-00C04F79EFBC}") = "Unity.Services.Core.Device", "Unity.Services.Core.Device.csproj", "{cdc2a9ac-2b06-1dd6-a373-b073a3108571}"
EndProject
Project("{FAE04EC0-301F-11D3-BF4B-00C04F79EFBC}") = "Unity.Services.Core.Threading", "Unity.Services.Core.Threading.csproj", "{149c9f0b-6916-1e68-ae3e-8e088297a056}"
EndProject
Project("{FAE04EC0-301F-11D3-BF4B-00C04F79EFBC}") = "Unity.Services.Core.Networking", "Unity.Services.Core.Networking.csproj", "{d1cb596b-eb33-f08e-ba99-0a7f6ea64417}"
EndProject
Project("{FAE04EC0-301F-11D3-BF4B-00C04F79EFBC}") = "Unity.Services.Core.Configuration", "Unity.Services.Core.Configuration.csproj", "{7bee092a-3d3e-efc5-bae4-a408ee2aaf37}"
EndProject
Project("{FAE04EC0-301F-11D3-BF4B-00C04F79EFBC}") = "Assembly-CSharp", "Assembly-CSharp.csproj", "{c2cc0d46-f805-cf62-6835-ce48cf120f27}"
EndProject
Project("{FAE04EC0-301F-11D3-BF4B-00C04F79EFBC}") = "Assembly-CSharp-firstpass", "Assembly-CSharp-firstpass.csproj", "{76a80086-0d0b-eecc-50d4-8d6996376689}"
EndProject
Project("{FAE04EC0-301F-11D3-BF4B-00C04F79EFBC}") = "Unity.PlasticSCM.Editor", "Unity.PlasticSCM.Editor.csproj", "{68c12a73-e290-7a25-9451-31c2b56124bb}"
EndProject
Project("{FAE04EC0-301F-11D3-BF4B-00C04F79EFBC}") = "Unity.VisualScripting.Core.Editor", "Unity.VisualScripting.Core.Editor.csproj", "{c5bc3ea1-ad4b-14d1-ccae-6f3d503acf5c}"
EndProject
Project("{FAE04EC0-301F-11D3-BF4B-00C04F79EFBC}") = "Unity.VisualScripting.Flow.Editor", "Unity.VisualScripting.Flow.Editor.csproj", "{0cfb2eb8-984e-5655-b53e-f0a4e7851bb6}"
EndProject
Project("{FAE04EC0-301F-11D3-BF4B-00C04F79EFBC}") = "Unity.VisualStudio.Editor", "Unity.VisualStudio.Editor.csproj", "{e2c45b9f-33b7-0961-8b83-e78746bca036}"
EndProject
Project("{FAE04EC0-301F-11D3-BF4B-00C04F79EFBC}") = "Unity.Timeline.Editor", "Unity.Timeline.Editor.csproj", "{c55530df-6344-358e-c8c8-234654e8ae74}"
EndProject
Project("{FAE04EC0-301F-11D3-BF4B-00C04F79EFBC}") = "Unity.VisualScripting.State.Editor", "Unity.VisualScripting.State.Editor.csproj", "{8996dd1b-b1f4-41f4-ba20-f77ed4d49586}"
EndProject
Project("{FAE04EC0-301F-11D3-BF4B-00C04F79EFBC}") = "Unity.TextMeshPro.Editor", "Unity.TextMeshPro.Editor.csproj", "{334144f4-95dc-9952-26ba-4ee8aa69e8af}"
EndProject
Project("{FAE04EC0-301F-11D3-BF4B-00C04F79EFBC}") = "Unity.VisualScripting.SettingsProvider.Editor", "Unity.VisualScripting.SettingsProvider.Editor.csproj", "{85c7e160-5123-d6a8-f6f1-035e4088d9e4}"
EndProject
Project("{FAE04EC0-301F-11D3-BF4B-00C04F79EFBC}") = "Unity.CollabProxy.Editor", "Unity.CollabProxy.Editor.csproj", "{ff06855b-d228-bdeb-0ef3-1340834ebd33}"
EndProject
Project("{FAE04EC0-301F-11D3-BF4B-00C04F79EFBC}") = "UnityEditor.TestRunner", "UnityEditor.TestRunner.csproj", "{88aa88de-3b41-115a-e320-5a1d6f8f37f3}"
EndProject
Project("{FAE04EC0-301F-11D3-BF4B-00C04F79EFBC}") = "Unity.Services.Core.Editor", "Unity.Services.Core.Editor.csproj", "{c26676c1-ca8a-1ef9-bf7a-774934f55eb9}"
EndProject
Project("{FAE04EC0-301F-11D3-BF4B-00C04F79EFBC}") = "Unity.TestTools.CodeCoverage.Editor", "Unity.TestTools.CodeCoverage.Editor.csproj", "{903fdc1f-d61f-b076-b53e-94eaa07d5924}"
EndProject
Project("{FAE04EC0-301F-11D3-BF4B-00C04F79EFBC}") = "Unity.Rider.Editor", "Unity.Rider.Editor.csproj", "{baa07f49-20e5-80bb-823d-cb8840c461c3}"
EndProject
Project("{FAE04EC0-301F-11D3-BF4B-00C04F79EFBC}") = "Unity.Performance.Profile-Analyzer.Editor", "Unity.Performance.Profile-Analyzer.Editor.csproj", "{d81a3b61-2417-a5e0-3a92-33c68c2e6573}"
EndProject
Project("{FAE04EC0-301F-11D3-BF4B-00C04F79EFBC}") = "Unity.VSCode.Editor", "Unity.VSCode.Editor.csproj", "{36b3ad5c-62d4-f767-62c7-f01935ff4466}"
EndProject
Project("{FAE04EC0-301F-11D3-BF4B-00C04F79EFBC}") = "UnityEditor.UI", "UnityEditor.UI.csproj", "{a45834fe-eb37-bfc6-f545-f7986ae11164}"
EndProject
Project("{FAE04EC0-301F-11D3-BF4B-00C04F79EFBC}") = "Unity.TestTools.CodeCoverage.Editor.OpenCover.Model", "Unity.TestTools.CodeCoverage.Editor.OpenCover.Model.csproj", "{f0dbd684-f206-0b2c-b7de-65bdba0fba22}"
EndProject
Project("{FAE04EC0-301F-11D3-BF4B-00C04F79EFBC}") = "Unity.EditorCoroutines.Editor", "Unity.EditorCoroutines.Editor.csproj", "{4baaab8c-3006-022c-b0e7-03c5e8264b8b}"
EndProject
Project("{FAE04EC0-301F-11D3-BF4B-00C04F79EFBC}") = "Unity.Settings.Editor", "Unity.Settings.Editor.csproj", "{2368fff2-2c33-d4d9-daea-bc0f089d5e22}"
EndProject
Project("{FAE04EC0-301F-11D3-BF4B-00C04F79EFBC}") = "Unity.Services.Core.Configuration.Editor", "Unity.Services.Core.Configuration.Editor.csproj", "{0e8bc882-566d-0e00-3b8f-c5f890c8424c}"
EndProject
Project("{FAE04EC0-301F-11D3-BF4B-00C04F79EFBC}") = "Unity.TestTools.CodeCoverage.Editor.OpenCover.Mono.Reflection", "Unity.TestTools.CodeCoverage.Editor.OpenCover.Mono.Reflection.csproj", "{8fe80222-eb87-8a53-fe50-38785a9c9c6c}"
EndProject
Project("{FAE04EC0-301F-11D3-BF4B-00C04F79EFBC}") = "Unity.VisualScripting.Shared.Editor", "Unity.VisualScripting.Shared.Editor.csproj", "{966e5648-7043-fe6d-00e9-db3209512c70}"
EndProject
Project("{FAE04EC0-301F-11D3-BF4B-00C04F79EFBC}") = "Assembly-CSharp-Editor", "Assembly-CSharp-Editor.csproj", "{a68b9b73-33bb-c614-5c68-34c7707a3ef7}"
EndProject
Project("{FAE04EC0-301F-11D3-BF4B-00C04F79EFBC}") = "Assembly-CSharp-Editor-firstpass", "Assembly-CSharp-Editor-firstpass.csproj", "{b8e705b9-67d7-22e6-538c-509a6931aef7}"
EndProject
Global
	GlobalSection(SolutionConfigurationPlatforms) = preSolution
		Debug|Any CPU = Debug|Any CPU
	EndGlobalSection
	GlobalSection(ProjectConfigurationPlatforms) = postSolution
		{e37cdc30-dbab-8f95-ffda-15e8b3d154c9}.Debug|Any CPU.ActiveCfg = Debug|Any CPU
		{e37cdc30-dbab-8f95-ffda-15e8b3d154c9}.Debug|Any CPU.Build.0 = Debug|Any CPU
		{09898489-9fc0-4f02-4c9c-f35796ac0490}.Debug|Any CPU.ActiveCfg = Debug|Any CPU
		{09898489-9fc0-4f02-4c9c-f35796ac0490}.Debug|Any CPU.Build.0 = Debug|Any CPU
		{363dae75-3fb9-8feb-179d-bbaf4e4a4fe4}.Debug|Any CPU.ActiveCfg = Debug|Any CPU
		{363dae75-3fb9-8feb-179d-bbaf4e4a4fe4}.Debug|Any CPU.Build.0 = Debug|Any CPU
		{2d593351-3007-80de-b353-453e62977cfd}.Debug|Any CPU.ActiveCfg = Debug|Any CPU
		{2d593351-3007-80de-b353-453e62977cfd}.Debug|Any CPU.Build.0 = Debug|Any CPU
		{1c076c0b-e321-8220-56ff-8a5eb145e2cb}.Debug|Any CPU.ActiveCfg = Debug|Any CPU
		{1c076c0b-e321-8220-56ff-8a5eb145e2cb}.Debug|Any CPU.Build.0 = Debug|Any CPU
		{1e0f4e84-056c-94a1-93de-4ba7927aafeb}.Debug|Any CPU.ActiveCfg = Debug|Any CPU
		{1e0f4e84-056c-94a1-93de-4ba7927aafeb}.Debug|Any CPU.Build.0 = Debug|Any CPU
		{94b02fad-2f99-3de4-1fa8-5f70683594f0}.Debug|Any CPU.ActiveCfg = Debug|Any CPU
		{94b02fad-2f99-3de4-1fa8-5f70683594f0}.Debug|Any CPU.Build.0 = Debug|Any CPU
		{4206be10-a7a2-b2ef-8f06-c6b1492630c1}.Debug|Any CPU.ActiveCfg = Debug|Any CPU
		{4206be10-a7a2-b2ef-8f06-c6b1492630c1}.Debug|Any CPU.Build.0 = Debug|Any CPU
		{f92c4403-871f-02d7-4578-635a3dd28ff8}.Debug|Any CPU.ActiveCfg = Debug|Any CPU
		{f92c4403-871f-02d7-4578-635a3dd28ff8}.Debug|Any CPU.Build.0 = Debug|Any CPU
		{b348a1c4-06c2-ef17-e472-36fe7dc27f29}.Debug|Any CPU.ActiveCfg = Debug|Any CPU
		{b348a1c4-06c2-ef17-e472-36fe7dc27f29}.Debug|Any CPU.Build.0 = Debug|Any CPU
		{7a170ac1-3ed1-4fbe-0e6f-1d55f033411c}.Debug|Any CPU.ActiveCfg = Debug|Any CPU
		{7a170ac1-3ed1-4fbe-0e6f-1d55f033411c}.Debug|Any CPU.Build.0 = Debug|Any CPU
		{36d73e77-c989-ade5-65b8-f0b98cbfa703}.Debug|Any CPU.ActiveCfg = Debug|Any CPU
		{36d73e77-c989-ade5-65b8-f0b98cbfa703}.Debug|Any CPU.Build.0 = Debug|Any CPU
		{537c7670-845f-099f-483e-85f2786eee41}.Debug|Any CPU.ActiveCfg = Debug|Any CPU
		{537c7670-845f-099f-483e-85f2786eee41}.Debug|Any CPU.Build.0 = Debug|Any CPU
		{71cbb9d4-d690-6f19-88c2-4e78066fe5b9}.Debug|Any CPU.ActiveCfg = Debug|Any CPU
		{71cbb9d4-d690-6f19-88c2-4e78066fe5b9}.Debug|Any CPU.Build.0 = Debug|Any CPU
		{9d9853de-957b-9247-1959-f0735d121dbf}.Debug|Any CPU.ActiveCfg = Debug|Any CPU
		{9d9853de-957b-9247-1959-f0735d121dbf}.Debug|Any CPU.Build.0 = Debug|Any CPU
		{cdc2a9ac-2b06-1dd6-a373-b073a3108571}.Debug|Any CPU.ActiveCfg = Debug|Any CPU
		{cdc2a9ac-2b06-1dd6-a373-b073a3108571}.Debug|Any CPU.Build.0 = Debug|Any CPU
		{149c9f0b-6916-1e68-ae3e-8e088297a056}.Debug|Any CPU.ActiveCfg = Debug|Any CPU
		{149c9f0b-6916-1e68-ae3e-8e088297a056}.Debug|Any CPU.Build.0 = Debug|Any CPU
		{d1cb596b-eb33-f08e-ba99-0a7f6ea64417}.Debug|Any CPU.ActiveCfg = Debug|Any CPU
		{d1cb596b-eb33-f08e-ba99-0a7f6ea64417}.Debug|Any CPU.Build.0 = Debug|Any CPU
		{7bee092a-3d3e-efc5-bae4-a408ee2aaf37}.Debug|Any CPU.ActiveCfg = Debug|Any CPU
		{7bee092a-3d3e-efc5-bae4-a408ee2aaf37}.Debug|Any CPU.Build.0 = Debug|Any CPU
		{c2cc0d46-f805-cf62-6835-ce48cf120f27}.Debug|Any CPU.ActiveCfg = Debug|Any CPU
		{c2cc0d46-f805-cf62-6835-ce48cf120f27}.Debug|Any CPU.Build.0 = Debug|Any CPU
		{76a80086-0d0b-eecc-50d4-8d6996376689}.Debug|Any CPU.ActiveCfg = Debug|Any CPU
		{76a80086-0d0b-eecc-50d4-8d6996376689}.Debug|Any CPU.Build.0 = Debug|Any CPU
		{68c12a73-e290-7a25-9451-31c2b56124bb}.Debug|Any CPU.ActiveCfg = Debug|Any CPU
		{68c12a73-e290-7a25-9451-31c2b56124bb}.Debug|Any CPU.Build.0 = Debug|Any CPU
		{c5bc3ea1-ad4b-14d1-ccae-6f3d503acf5c}.Debug|Any CPU.ActiveCfg = Debug|Any CPU
		{c5bc3ea1-ad4b-14d1-ccae-6f3d503acf5c}.Debug|Any CPU.Build.0 = Debug|Any CPU
		{0cfb2eb8-984e-5655-b53e-f0a4e7851bb6}.Debug|Any CPU.ActiveCfg = Debug|Any CPU
		{0cfb2eb8-984e-5655-b53e-f0a4e7851bb6}.Debug|Any CPU.Build.0 = Debug|Any CPU
		{e2c45b9f-33b7-0961-8b83-e78746bca036}.Debug|Any CPU.ActiveCfg = Debug|Any CPU
		{e2c45b9f-33b7-0961-8b83-e78746bca036}.Debug|Any CPU.Build.0 = Debug|Any CPU
		{c55530df-6344-358e-c8c8-234654e8ae74}.Debug|Any CPU.ActiveCfg = Debug|Any CPU
		{c55530df-6344-358e-c8c8-234654e8ae74}.Debug|Any CPU.Build.0 = Debug|Any CPU
		{8996dd1b-b1f4-41f4-ba20-f77ed4d49586}.Debug|Any CPU.ActiveCfg = Debug|Any CPU
		{8996dd1b-b1f4-41f4-ba20-f77ed4d49586}.Debug|Any CPU.Build.0 = Debug|Any CPU
		{334144f4-95dc-9952-26ba-4ee8aa69e8af}.Debug|Any CPU.ActiveCfg = Debug|Any CPU
		{334144f4-95dc-9952-26ba-4ee8aa69e8af}.Debug|Any CPU.Build.0 = Debug|Any CPU
		{85c7e160-5123-d6a8-f6f1-035e4088d9e4}.Debug|Any CPU.ActiveCfg = Debug|Any CPU
		{85c7e160-5123-d6a8-f6f1-035e4088d9e4}.Debug|Any CPU.Build.0 = Debug|Any CPU
		{ff06855b-d228-bdeb-0ef3-1340834ebd33}.Debug|Any CPU.ActiveCfg = Debug|Any CPU
		{ff06855b-d228-bdeb-0ef3-1340834ebd33}.Debug|Any CPU.Build.0 = Debug|Any CPU
		{88aa88de-3b41-115a-e320-5a1d6f8f37f3}.Debug|Any CPU.ActiveCfg = Debug|Any CPU
		{88aa88de-3b41-115a-e320-5a1d6f8f37f3}.Debug|Any CPU.Build.0 = Debug|Any CPU
		{c26676c1-ca8a-1ef9-bf7a-774934f55eb9}.Debug|Any CPU.ActiveCfg = Debug|Any CPU
		{c26676c1-ca8a-1ef9-bf7a-774934f55eb9}.Debug|Any CPU.Build.0 = Debug|Any CPU
		{903fdc1f-d61f-b076-b53e-94eaa07d5924}.Debug|Any CPU.ActiveCfg = Debug|Any CPU
		{903fdc1f-d61f-b076-b53e-94eaa07d5924}.Debug|Any CPU.Build.0 = Debug|Any CPU
		{baa07f49-20e5-80bb-823d-cb8840c461c3}.Debug|Any CPU.ActiveCfg = Debug|Any CPU
		{baa07f49-20e5-80bb-823d-cb8840c461c3}.Debug|Any CPU.Build.0 = Debug|Any CPU
		{d81a3b61-2417-a5e0-3a92-33c68c2e6573}.Debug|Any CPU.ActiveCfg = Debug|Any CPU
		{d81a3b61-2417-a5e0-3a92-33c68c2e6573}.Debug|Any CPU.Build.0 = Debug|Any CPU
		{36b3ad5c-62d4-f767-62c7-f01935ff4466}.Debug|Any CPU.ActiveCfg = Debug|Any CPU
		{36b3ad5c-62d4-f767-62c7-f01935ff4466}.Debug|Any CPU.Build.0 = Debug|Any CPU
		{a45834fe-eb37-bfc6-f545-f7986ae11164}.Debug|Any CPU.ActiveCfg = Debug|Any CPU
		{a45834fe-eb37-bfc6-f545-f7986ae11164}.Debug|Any CPU.Build.0 = Debug|Any CPU
		{f0dbd684-f206-0b2c-b7de-65bdba0fba22}.Debug|Any CPU.ActiveCfg = Debug|Any CPU
		{f0dbd684-f206-0b2c-b7de-65bdba0fba22}.Debug|Any CPU.Build.0 = Debug|Any CPU
		{4baaab8c-3006-022c-b0e7-03c5e8264b8b}.Debug|Any CPU.ActiveCfg = Debug|Any CPU
		{4baaab8c-3006-022c-b0e7-03c5e8264b8b}.Debug|Any CPU.Build.0 = Debug|Any CPU
		{2368fff2-2c33-d4d9-daea-bc0f089d5e22}.Debug|Any CPU.ActiveCfg = Debug|Any CPU
		{2368fff2-2c33-d4d9-daea-bc0f089d5e22}.Debug|Any CPU.Build.0 = Debug|Any CPU
		{0e8bc882-566d-0e00-3b8f-c5f890c8424c}.Debug|Any CPU.ActiveCfg = Debug|Any CPU
		{0e8bc882-566d-0e00-3b8f-c5f890c8424c}.Debug|Any CPU.Build.0 = Debug|Any CPU
		{8fe80222-eb87-8a53-fe50-38785a9c9c6c}.Debug|Any CPU.ActiveCfg = Debug|Any CPU
		{8fe80222-eb87-8a53-fe50-38785a9c9c6c}.Debug|Any CPU.Build.0 = Debug|Any CPU
		{966e5648-7043-fe6d-00e9-db3209512c70}.Debug|Any CPU.ActiveCfg = Debug|Any CPU
		{966e5648-7043-fe6d-00e9-db3209512c70}.Debug|Any CPU.Build.0 = Debug|Any CPU
		{a68b9b73-33bb-c614-5c68-34c7707a3ef7}.Debug|Any CPU.ActiveCfg = Debug|Any CPU
		{a68b9b73-33bb-c614-5c68-34c7707a3ef7}.Debug|Any CPU.Build.0 = Debug|Any CPU
		{b8e705b9-67d7-22e6-538c-509a6931aef7}.Debug|Any CPU.ActiveCfg = Debug|Any CPU
		{b8e705b9-67d7-22e6-538c-509a6931aef7}.Debug|Any CPU.Build.0 = Debug|Any CPU
	EndGlobalSection
	GlobalSection(SolutionProperties) = preSolution
		HideSolutionNode = FALSE
	EndGlobalSection
EndGlobal
